
Microsoft Visual Studio Solution File, Format Version 12.00
# Visual Studio Version 17
VisualStudioVersion = 17.11.35222.181
MinimumVisualStudioVersion = 10.0.40219.1
Project("{9A19103F-16F7-4668-BE54-9A1E7A4F7556}") = "testHub2", "testHub2\testHub2.csproj", "{135A537A-C0E5-4BC2-B909-281CDD958D88}"
EndProject
Project("{9A19103F-16F7-4668-BE54-9A1E7A4F7556}") = "testhub_old", "testhub_old\testhub_old.csproj", "{597A3281-BCCA-4F12-8AFE-351F4EBCA6E3}"
EndProject
Project("{FAE04EC0-301F-11D3-BF4B-00C04F79EFBC}") = "hub_TTTT", "hub_TTTT\hub_TTTT.csproj", "{3E13650D-48B7-44F1-86E2-4EEF3325EDEB}"
EndProject
Global
	GlobalSection(SolutionConfigurationPlatforms) = preSolution
		Debug|Any CPU = Debug|Any CPU
		Release|Any CPU = Release|Any CPU
	EndGlobalSection
	GlobalSection(ProjectConfigurationPlatforms) = postSolution
		{135A537A-C0E5-4BC2-B909-281CDD958D88}.Debug|Any CPU.ActiveCfg = Debug|Any CPU
		{135A537A-C0E5-4BC2-B909-281CDD958D88}.Debug|Any CPU.Build.0 = Debug|Any CPU
		{135A537A-C0E5-4BC2-B909-281CDD958D88}.Release|Any CPU.ActiveCfg = Release|Any CPU
		{135A537A-C0E5-4BC2-B909-281CDD958D88}.Release|Any CPU.Build.0 = Release|Any CPU
		{597A3281-BCCA-4F12-8AFE-351F4EBCA6E3}.Debug|Any CPU.ActiveCfg = Debug|Any CPU
		{597A3281-BCCA-4F12-8AFE-351F4EBCA6E3}.Debug|Any CPU.Build.0 = Debug|Any CPU
		{597A3281-BCCA-4F12-8AFE-351F4EBCA6E3}.Release|Any CPU.ActiveCfg = Release|Any CPU
		{597A3281-BCCA-4F12-8AFE-351F4EBCA6E3}.Release|Any CPU.Build.0 = Release|Any CPU
		{3E13650D-48B7-44F1-86E2-4EEF3325EDEB}.Debug|Any CPU.ActiveCfg = Debug|Any CPU
		{3E13650D-48B7-44F1-86E2-4EEF3325EDEB}.Debug|Any CPU.Build.0 = Debug|Any CPU
		{3E13650D-48B7-44F1-86E2-4EEF3325EDEB}.Release|Any CPU.ActiveCfg = Release|Any CPU
		{3E13650D-48B7-44F1-86E2-4EEF3325EDEB}.Release|Any CPU.Build.0 = Release|Any CPU
	EndGlobalSection
	GlobalSection(SolutionProperties) = preSolution
		HideSolutionNode = FALSE
	EndGlobalSection
	GlobalSection(ExtensibilityGlobals) = postSolution
		SolutionGuid = {2E08A6B1-03C8-4949-8C65-7D682B37428E}
	EndGlobalSection
EndGlobal
